
Microsoft Visual Studio Solution File, Format Version 12.00
Project("{FAE04EC0-301F-11D3-BF4B-00C04F79EFBC}") = "SharpConsole", "SharpConsole\SharpConsole.csproj", "{291AB538-A1C2-4568-8126-7E8C481118EF}"
EndProject
Project("{FAE04EC0-301F-11D3-BF4B-00C04F79EFBC}") = "Playground", "Playground\Playground.csproj", "{320DD797-F0AD-4FC4-A9DC-9040FB17253F}"
EndProject
Project("{FAE04EC0-301F-11D3-BF4B-00C04F79EFBC}") = "Examples", "Examples\Examples.csproj", "{123EEE9D-0BE3-471B-9213-1508FB373D4B}"
EndProject
Global
	GlobalSection(SolutionConfigurationPlatforms) = preSolution
		Debug|Any CPU = Debug|Any CPU
		Release|Any CPU = Release|Any CPU
	EndGlobalSection
	GlobalSection(ProjectConfigurationPlatforms) = postSolution
		{291AB538-A1C2-4568-8126-7E8C481118EF}.Debug|Any CPU.ActiveCfg = Debug|Any CPU
		{291AB538-A1C2-4568-8126-7E8C481118EF}.Debug|Any CPU.Build.0 = Debug|Any CPU
		{291AB538-A1C2-4568-8126-7E8C481118EF}.Release|Any CPU.ActiveCfg = Release|Any CPU
		{291AB538-A1C2-4568-8126-7E8C481118EF}.Release|Any CPU.Build.0 = Release|Any CPU
		{320DD797-F0AD-4FC4-A9DC-9040FB17253F}.Debug|Any CPU.ActiveCfg = Debug|Any CPU
		{320DD797-F0AD-4FC4-A9DC-9040FB17253F}.Debug|Any CPU.Build.0 = Debug|Any CPU
		{320DD797-F0AD-4FC4-A9DC-9040FB17253F}.Release|Any CPU.ActiveCfg = Release|Any CPU
		{320DD797-F0AD-4FC4-A9DC-9040FB17253F}.Release|Any CPU.Build.0 = Release|Any CPU
		{123EEE9D-0BE3-471B-9213-1508FB373D4B}.Debug|Any CPU.ActiveCfg = Debug|Any CPU
		{123EEE9D-0BE3-471B-9213-1508FB373D4B}.Debug|Any CPU.Build.0 = Debug|Any CPU
		{123EEE9D-0BE3-471B-9213-1508FB373D4B}.Release|Any CPU.ActiveCfg = Release|Any CPU
		{123EEE9D-0BE3-471B-9213-1508FB373D4B}.Release|Any CPU.Build.0 = Release|Any CPU
	EndGlobalSection
EndGlobal
